<Solution>
  <Folder Name="/src/">
    <Project Path="src/VTE.Application/VTE.Application.csproj" />
    <Project Path="src/VTE.Core/VTE.Core.csproj" />
    <Project Path="src/VTE.Infrastructure/VTE.Infrastructure.csproj" />
    <Project Path="src/VTE.WPF/VTE.WPF.csproj" />
  </Folder>
  <Folder Name="/tests/">
    <Project Path="tests/VTE.Core.Tests/VTE.Core.Tests.csproj" />
    <Project Path="tests/VTE.Infrastructure.Tests/VTE.Infrastructure.Tests.csproj" />
  </Folder>
  <Folder Name="/tools/">
    <Project Path="tools/VTE.Migration/VTE.Migration.csproj" />
  </Folder>
</Solution>
