
Microsoft Visual Studio Solution File, Format Version 12.00
# Visual Studio 2013
VisualStudioVersion = 12.0.21005.1
MinimumVisualStudioVersion = 10.0.40219.1
Project("{F184B08F-C81C-45F6-A57F-5ABD9991F28F}") = "VTE.Library", "VTE.Library\VTE.Library.vbproj", "{04D6B34E-2428-483F-851F-A45889AD29DA}"
EndProject
Project("{F184B08F-C81C-45F6-A57F-5ABD9991F28F}") = "VTE.BaseParts", "VTE.BaseParts\VTE.BaseParts.vbproj", "{726882FD-3DF5-4814-A687-E5E8EFAD0E60}"
EndProject
Project("{F184B08F-C81C-45F6-A57F-5ABD9991F28F}") = "WinApp", "WinApp\WinApp.vbproj", "{377F2EFB-E8D4-49B6-9B56-0F93C8FD9A1E}"
EndProject
Project("{54435603-DBB4-11D2-8724-00A0C9A8B90C}") = "SetupObicen", "SetupObicen\SetupObicen.vdproj", "{4F8E7879-8CBA-42D3-98E1-E6C5C19F1363}"
EndProject
Project("{F184B08F-C81C-45F6-A57F-5ABD9991F28F}") = "KeyGen", "KeyGen\KeyGen.vbproj", "{F8E22F32-7F09-4D1F-8E1E-E487ECF6BC68}"
EndProject
Project("{F184B08F-C81C-45F6-A57F-5ABD9991F28F}") = "TakehardwareInfo", "TakehardwareInfo\TakehardwareInfo.vbproj", "{4A84F234-E1DF-4F0A-B1C5-11654144B00E}"
EndProject
Global
	GlobalSection(SolutionConfigurationPlatforms) = preSolution
		Debug|Any CPU = Debug|Any CPU
		Debug|Mixed Platforms = Debug|Mixed Platforms
		Release|Any CPU = Release|Any CPU
		Release|Mixed Platforms = Release|Mixed Platforms
	EndGlobalSection
	GlobalSection(ProjectConfigurationPlatforms) = postSolution
		{04D6B34E-2428-483F-851F-A45889AD29DA}.Debug|Any CPU.ActiveCfg = Debug|Any CPU
		{04D6B34E-2428-483F-851F-A45889AD29DA}.Debug|Any CPU.Build.0 = Debug|Any CPU
		{04D6B34E-2428-483F-851F-A45889AD29DA}.Debug|Mixed Platforms.ActiveCfg = Debug|Any CPU
		{04D6B34E-2428-483F-851F-A45889AD29DA}.Debug|Mixed Platforms.Build.0 = Debug|Any CPU
		{04D6B34E-2428-483F-851F-A45889AD29DA}.Release|Any CPU.ActiveCfg = Release|Any CPU
		{04D6B34E-2428-483F-851F-A45889AD29DA}.Release|Any CPU.Build.0 = Release|Any CPU
		{04D6B34E-2428-483F-851F-A45889AD29DA}.Release|Mixed Platforms.ActiveCfg = Release|Any CPU
		{04D6B34E-2428-483F-851F-A45889AD29DA}.Release|Mixed Platforms.Build.0 = Release|Any CPU
		{726882FD-3DF5-4814-A687-E5E8EFAD0E60}.Debug|Any CPU.ActiveCfg = Debug|Any CPU
		{726882FD-3DF5-4814-A687-E5E8EFAD0E60}.Debug|Any CPU.Build.0 = Debug|Any CPU
		{726882FD-3DF5-4814-A687-E5E8EFAD0E60}.Debug|Mixed Platforms.ActiveCfg = Debug|Any CPU
		{726882FD-3DF5-4814-A687-E5E8EFAD0E60}.Debug|Mixed Platforms.Build.0 = Debug|Any CPU
		{726882FD-3DF5-4814-A687-E5E8EFAD0E60}.Release|Any CPU.ActiveCfg = Release|Any CPU
		{726882FD-3DF5-4814-A687-E5E8EFAD0E60}.Release|Any CPU.Build.0 = Release|Any CPU
		{726882FD-3DF5-4814-A687-E5E8EFAD0E60}.Release|Mixed Platforms.ActiveCfg = Release|Any CPU
		{726882FD-3DF5-4814-A687-E5E8EFAD0E60}.Release|Mixed Platforms.Build.0 = Release|Any CPU
		{377F2EFB-E8D4-49B6-9B56-0F93C8FD9A1E}.Debug|Any CPU.ActiveCfg = Debug|Any CPU
		{377F2EFB-E8D4-49B6-9B56-0F93C8FD9A1E}.Debug|Any CPU.Build.0 = Debug|Any CPU
		{377F2EFB-E8D4-49B6-9B56-0F93C8FD9A1E}.Debug|Mixed Platforms.ActiveCfg = Debug|Any CPU
		{377F2EFB-E8D4-49B6-9B56-0F93C8FD9A1E}.Debug|Mixed Platforms.Build.0 = Debug|Any CPU
		{377F2EFB-E8D4-49B6-9B56-0F93C8FD9A1E}.Release|Any CPU.ActiveCfg = Release|Any CPU
		{377F2EFB-E8D4-49B6-9B56-0F93C8FD9A1E}.Release|Any CPU.Build.0 = Release|Any CPU
		{377F2EFB-E8D4-49B6-9B56-0F93C8FD9A1E}.Release|Mixed Platforms.ActiveCfg = Release|Any CPU
		{377F2EFB-E8D4-49B6-9B56-0F93C8FD9A1E}.Release|Mixed Platforms.Build.0 = Release|Any CPU
		{4F8E7879-8CBA-42D3-98E1-E6C5C19F1363}.Debug|Any CPU.ActiveCfg = Debug
		{4F8E7879-8CBA-42D3-98E1-E6C5C19F1363}.Debug|Mixed Platforms.ActiveCfg = Debug
		{4F8E7879-8CBA-42D3-98E1-E6C5C19F1363}.Release|Any CPU.ActiveCfg = Release
		{4F8E7879-8CBA-42D3-98E1-E6C5C19F1363}.Release|Mixed Platforms.ActiveCfg = Release
		{4F8E7879-8CBA-42D3-98E1-E6C5C19F1363}.Release|Mixed Platforms.Build.0 = Release
		{F8E22F32-7F09-4D1F-8E1E-E487ECF6BC68}.Debug|Any CPU.ActiveCfg = Debug|Any CPU
		{F8E22F32-7F09-4D1F-8E1E-E487ECF6BC68}.Debug|Any CPU.Build.0 = Debug|Any CPU
		{F8E22F32-7F09-4D1F-8E1E-E487ECF6BC68}.Debug|Mixed Platforms.ActiveCfg = Debug|Any CPU
		{F8E22F32-7F09-4D1F-8E1E-E487ECF6BC68}.Debug|Mixed Platforms.Build.0 = Debug|Any CPU
		{F8E22F32-7F09-4D1F-8E1E-E487ECF6BC68}.Release|Any CPU.ActiveCfg = Release|Any CPU
		{F8E22F32-7F09-4D1F-8E1E-E487ECF6BC68}.Release|Any CPU.Build.0 = Release|Any CPU
		{F8E22F32-7F09-4D1F-8E1E-E487ECF6BC68}.Release|Mixed Platforms.ActiveCfg = Release|Any CPU
		{F8E22F32-7F09-4D1F-8E1E-E487ECF6BC68}.Release|Mixed Platforms.Build.0 = Release|Any CPU
		{4A84F234-E1DF-4F0A-B1C5-11654144B00E}.Debug|Any CPU.ActiveCfg = Debug|Any CPU
		{4A84F234-E1DF-4F0A-B1C5-11654144B00E}.Debug|Any CPU.Build.0 = Debug|Any CPU
		{4A84F234-E1DF-4F0A-B1C5-11654144B00E}.Debug|Mixed Platforms.ActiveCfg = Debug|Any CPU
		{4A84F234-E1DF-4F0A-B1C5-11654144B00E}.Debug|Mixed Platforms.Build.0 = Debug|Any CPU
		{4A84F234-E1DF-4F0A-B1C5-11654144B00E}.Release|Any CPU.ActiveCfg = Release|Any CPU
		{4A84F234-E1DF-4F0A-B1C5-11654144B00E}.Release|Any CPU.Build.0 = Release|Any CPU
		{4A84F234-E1DF-4F0A-B1C5-11654144B00E}.Release|Mixed Platforms.ActiveCfg = Release|Any CPU
		{4A84F234-E1DF-4F0A-B1C5-11654144B00E}.Release|Mixed Platforms.Build.0 = Release|Any CPU
	EndGlobalSection
	GlobalSection(SolutionProperties) = preSolution
		HideSolutionNode = FALSE
	EndGlobalSection
EndGlobal
