<Solution>
  <Folder Name="/src/">
    <Project Path="src/VTE.Api/VTE.Api.csproj" />
    <Project Path="src/VTE.Domain/VTE.Domain.csproj" />
    <Project Path="src/VTE.Infrastructure/VTE.Infrastructure.csproj" />
  </Folder>
  <Folder Name="/tests/">
    <Project Path="tests/VTE.Api.Tests/VTE.Api.Tests.csproj" />
  </Folder>
</Solution>
